
Microsoft Visual Studio Solution File, Format Version 12.00
# Visual Studio Version 16
VisualStudioVersion = 16.0.29905.134
MinimumVisualStudioVersion = 10.0.40219.1
Project("{9A19103F-16F7-4668-BE54-9A1E7A4F7556}") = "RecompildPOS.Web", "RecompildPOS.Web.csproj", "{9768D5BA-F6AA-4081-89E4-ECE4ACB057CE}"
EndProject
Project("{9A19103F-16F7-4668-BE54-9A1E7A4F7556}") = "RecompildPOS.Services", "..\RecompildPOS.Services\RecompildPOS.Services.csproj", "{03A57CBE-C4DF-455E-9BC8-F63B88A60466}"
EndProject
Project("{9A19103F-16F7-4668-BE54-9A1E7A4F7556}") = "RecompildPOS.Models", "..\RecompildPOS.Models\RecompildPOS.Models.csproj", "{C9934A9B-DE7A-4121-BDA5-18132F138C77}"
EndProject
Global
	GlobalSection(SolutionConfigurationPlatforms) = preSolution
		Debug|Any CPU = Debug|Any CPU
		Release|Any CPU = Release|Any CPU
	EndGlobalSection
	GlobalSection(ProjectConfigurationPlatforms) = postSolution
		{9768D5BA-F6AA-4081-89E4-ECE4ACB057CE}.Debug|Any CPU.ActiveCfg = Debug|Any CPU
		{9768D5BA-F6AA-4081-89E4-ECE4ACB057CE}.Debug|Any CPU.Build.0 = Debug|Any CPU
		{9768D5BA-F6AA-4081-89E4-ECE4ACB057CE}.Release|Any CPU.ActiveCfg = Release|Any CPU
		{9768D5BA-F6AA-4081-89E4-ECE4ACB057CE}.Release|Any CPU.Build.0 = Release|Any CPU
		{03A57CBE-C4DF-455E-9BC8-F63B88A60466}.Debug|Any CPU.ActiveCfg = Debug|Any CPU
		{03A57CBE-C4DF-455E-9BC8-F63B88A60466}.Debug|Any CPU.Build.0 = Debug|Any CPU
		{03A57CBE-C4DF-455E-9BC8-F63B88A60466}.Release|Any CPU.ActiveCfg = Release|Any CPU
		{03A57CBE-C4DF-455E-9BC8-F63B88A60466}.Release|Any CPU.Build.0 = Release|Any CPU
		{C9934A9B-DE7A-4121-BDA5-18132F138C77}.Debug|Any CPU.ActiveCfg = Debug|Any CPU
		{C9934A9B-DE7A-4121-BDA5-18132F138C77}.Debug|Any CPU.Build.0 = Debug|Any CPU
		{C9934A9B-DE7A-4121-BDA5-18132F138C77}.Release|Any CPU.ActiveCfg = Release|Any CPU
		{C9934A9B-DE7A-4121-BDA5-18132F138C77}.Release|Any CPU.Build.0 = Release|Any CPU
	EndGlobalSection
	GlobalSection(SolutionProperties) = preSolution
		HideSolutionNode = FALSE
	EndGlobalSection
	GlobalSection(ExtensibilityGlobals) = postSolution
		SolutionGuid = {E09C59DA-1717-4F63-BCB6-A8E3C853E6E7}
	EndGlobalSection
EndGlobal
